
Microsoft Visual Studio Solution File, Format Version 11.00
# Visual Studio 2010
Project("{8BC9CEB8-8B4A-11D0-8D11-00A0C91BC942}") = "Csv_Test", "Csv_Test\Csv_Test.vcxproj", "{E7BE3711-A487-4AAD-BB4A-AC788F838238}"
EndProject
Global
	GlobalSection(SolutionConfigurationPlatforms) = preSolution
		Debug|Win32 = Debug|Win32
		Release|Win32 = Release|Win32
	EndGlobalSection
	GlobalSection(ProjectConfigurationPlatforms) = postSolution
		{E7BE3711-A487-4AAD-BB4A-AC788F838238}.Debug|Win32.ActiveCfg = Debug|Win32
		{E7BE3711-A487-4AAD-BB4A-AC788F838238}.Debug|Win32.Build.0 = Debug|Win32
		{E7BE3711-A487-4AAD-BB4A-AC788F838238}.Release|Win32.ActiveCfg = Release|Win32
		{E7BE3711-A487-4AAD-BB4A-AC788F838238}.Release|Win32.Build.0 = Release|Win32
	EndGlobalSection
	GlobalSection(SolutionProperties) = preSolution
		HideSolutionNode = FALSE
	EndGlobalSection
EndGlobal
