
Microsoft Visual Studio Solution File, Format Version 11.00
# Visual Studio 2010
Project("{8BC9CEB8-8B4A-11D0-8D11-00A0C91BC942}") = "Ini_Test", "Ini_Test\Ini_Test.vcxproj", "{88B634A5-6CD9-40F8-9DC1-9F29DD28CB87}"
EndProject
Global
	GlobalSection(SolutionConfigurationPlatforms) = preSolution
		Debug|Win32 = Debug|Win32
		Release|Win32 = Release|Win32
	EndGlobalSection
	GlobalSection(ProjectConfigurationPlatforms) = postSolution
		{88B634A5-6CD9-40F8-9DC1-9F29DD28CB87}.Debug|Win32.ActiveCfg = Debug|Win32
		{88B634A5-6CD9-40F8-9DC1-9F29DD28CB87}.Debug|Win32.Build.0 = Debug|Win32
		{88B634A5-6CD9-40F8-9DC1-9F29DD28CB87}.Release|Win32.ActiveCfg = Release|Win32
		{88B634A5-6CD9-40F8-9DC1-9F29DD28CB87}.Release|Win32.Build.0 = Release|Win32
	EndGlobalSection
	GlobalSection(SolutionProperties) = preSolution
		HideSolutionNode = FALSE
	EndGlobalSection
EndGlobal
